
Microsoft Visual Studio Solution File, Format Version 12.00
# Visual Studio Version 17
VisualStudioVersion = 17.7.34202.233
MinimumVisualStudioVersion = 10.0.40219.1
Project("{FAE04EC0-301F-11D3-BF4B-00C04F79EFBC}") = "WebAPIPrueba", "WebAPIPrueba\WebAPIPrueba.csproj", "{13F2EFDA-C003-4D5C-BAAA-A30EAABD3AB0}"
EndProject
Project("{FAE04EC0-301F-11D3-BF4B-00C04F79EFBC}") = "WebAPIPruebaModels", "WebAPIPruebaModels\WebAPIPruebaModels.csproj", "{946B2F98-59AF-46A5-AE27-957EDFBC2DE1}"
EndProject
Project("{FAE04EC0-301F-11D3-BF4B-00C04F79EFBC}") = "WebAPIPruebaData", "WebAPIPruebaData\WebAPIPruebaData.csproj", "{C20790D3-CF98-4257-9E0A-5A4370107AC9}"
EndProject
Global
	GlobalSection(SolutionConfigurationPlatforms) = preSolution
		Debug|Any CPU = Debug|Any CPU
		Release|Any CPU = Release|Any CPU
	EndGlobalSection
	GlobalSection(ProjectConfigurationPlatforms) = postSolution
		{13F2EFDA-C003-4D5C-BAAA-A30EAABD3AB0}.Debug|Any CPU.ActiveCfg = Debug|Any CPU
		{13F2EFDA-C003-4D5C-BAAA-A30EAABD3AB0}.Debug|Any CPU.Build.0 = Debug|Any CPU
		{13F2EFDA-C003-4D5C-BAAA-A30EAABD3AB0}.Release|Any CPU.ActiveCfg = Release|Any CPU
		{13F2EFDA-C003-4D5C-BAAA-A30EAABD3AB0}.Release|Any CPU.Build.0 = Release|Any CPU
		{946B2F98-59AF-46A5-AE27-957EDFBC2DE1}.Debug|Any CPU.ActiveCfg = Debug|Any CPU
		{946B2F98-59AF-46A5-AE27-957EDFBC2DE1}.Debug|Any CPU.Build.0 = Debug|Any CPU
		{946B2F98-59AF-46A5-AE27-957EDFBC2DE1}.Release|Any CPU.ActiveCfg = Release|Any CPU
		{946B2F98-59AF-46A5-AE27-957EDFBC2DE1}.Release|Any CPU.Build.0 = Release|Any CPU
		{C20790D3-CF98-4257-9E0A-5A4370107AC9}.Debug|Any CPU.ActiveCfg = Debug|Any CPU
		{C20790D3-CF98-4257-9E0A-5A4370107AC9}.Debug|Any CPU.Build.0 = Debug|Any CPU
		{C20790D3-CF98-4257-9E0A-5A4370107AC9}.Release|Any CPU.ActiveCfg = Release|Any CPU
		{C20790D3-CF98-4257-9E0A-5A4370107AC9}.Release|Any CPU.Build.0 = Release|Any CPU
	EndGlobalSection
	GlobalSection(SolutionProperties) = preSolution
		HideSolutionNode = FALSE
	EndGlobalSection
	GlobalSection(ExtensibilityGlobals) = postSolution
		SolutionGuid = {2C1EC69A-EECC-465B-AEB2-DCAD004FA1EC}
	EndGlobalSection
EndGlobal
